// !$*UTF8*$!
{
	archiveVersion = 1;
	classes = {
	};
	objectVersion = 55;
	objects = {

/* Begin PBXBuildFile section */
		84007F2827C947FA0024E38B /* Theme.swift in Sources */ = {isa = PBXBuildFile; fileRef = 84007F2727C947FA0024E38B /* Theme.swift */; };
		84007F2A27C94B840024E38B /* CardView.swift in Sources */ = {isa = PBXBuildFile; fileRef = 84007F2927C94B840024E38B /* CardView.swift */; };
		84007F2C27C94BF40024E38B /* DailyScrum.swift in Sources */ = {isa = PBXBuildFile; fileRef = 84007F2B27C94BF40024E38B /* DailyScrum.swift */; };
		84007F2E27C95A010024E38B /* TrailingIconLabelStyle.swift in Sources */ = {isa = PBXBuildFile; fileRef = 84007F2D27C95A010024E38B /* TrailingIconLabelStyle.swift */; };
		84007F3127C97EB30024E38B /* ScrumsView.swift in Sources */ = {isa = PBXBuildFile; fileRef = 84007F3027C97EB30024E38B /* ScrumsView.swift */; };
		84AB55C527D7E7D300222013 /* MeetingHeaderView.swift in Sources */ = {isa = PBXBuildFile; fileRef = 84AB55C427D7E7D300222013 /* MeetingHeaderView.swift */; };
		84AB55C727D7EF1500222013 /* ScrumProgressViewStyle.swift in Sources */ = {isa = PBXBuildFile; fileRef = 84AB55C627D7EF1500222013 /* ScrumProgressViewStyle.swift */; };
		84AB55C927D7F51D00222013 /* ScrumTimer.swift in Sources */ = {isa = PBXBuildFile; fileRef = 84AB55C827D7F51D00222013 /* ScrumTimer.swift */; };
		84AB55CB27D80A2100222013 /* MeetingFooterView.swift in Sources */ = {isa = PBXBuildFile; fileRef = 84AB55CA27D80A2000222013 /* MeetingFooterView.swift */; };
		84AB55D027D8194F00222013 /* AVPlayer+Ding.swift in Sources */ = {isa = PBXBuildFile; fileRef = 84AB55CF27D8194F00222013 /* AVPlayer+Ding.swift */; };
		84AB55D327D81A5900222013 /* ding.wav in Resources */ = {isa = PBXBuildFile; fileRef = 84AB55D227D81A5900222013 /* ding.wav */; };
		84B5A8AC27D3DE3A00F7A3CA /* DetailEditView.swift in Sources */ = {isa = PBXBuildFile; fileRef = 84B5A8AB27D3DE3A00F7A3CA /* DetailEditView.swift */; };
		84B5A8AE27D525A900F7A3CA /* ThemeView.swift in Sources */ = {isa = PBXBuildFile; fileRef = 84B5A8AD27D525A900F7A3CA /* ThemeView.swift */; };
		84B5A8B627D5339B00F7A3CA /* ThemePicker.swift in Sources */ = {isa = PBXBuildFile; fileRef = 84B5A8B527D5339B00F7A3CA /* ThemePicker.swift */; };
		84BE14A327D893740069B67A /* History.swift in Sources */ = {isa = PBXBuildFile; fileRef = 84BE14A227D893740069B67A /* History.swift */; };
		84BE14A527D8B2EF0069B67A /* ScrumStore.swift in Sources */ = {isa = PBXBuildFile; fileRef = 84BE14A427D8B2EF0069B67A /* ScrumStore.swift */; };
		84BFDE6927BAC65C0079D788 /* ScrumdingerApp.swift in Sources */ = {isa = PBXBuildFile; fileRef = 84BFDE6827BAC65C0079D788 /* ScrumdingerApp.swift */; };
		84BFDE6B27BAC65C0079D788 /* MeetingView.swift in Sources */ = {isa = PBXBuildFile; fileRef = 84BFDE6A27BAC65C0079D788 /* MeetingView.swift */; };
		84BFDE6D27BAC65E0079D788 /* Assets.xcassets in Resources */ = {isa = PBXBuildFile; fileRef = 84BFDE6C27BAC65E0079D788 /* Assets.xcassets */; };
		84BFDE7027BAC65E0079D788 /* Preview Assets.xcassets in Resources */ = {isa = PBXBuildFile; fileRef = 84BFDE6F27BAC65E0079D788 /* Preview Assets.xcassets */; };
		84FB15B827CCA50200F9385A /* DetailView.swift in Sources */ = {isa = PBXBuildFile; fileRef = 84FB15B727CCA50200F9385A /* DetailView.swift */; };
/* End PBXBuildFile section */

/* Begin PBXFileReference section */
		84007F2727C947FA0024E38B /* Theme.swift */ = {isa = PBXFileReference; lastKnownFileType = sourcecode.swift; path = Theme.swift; sourceTree = "<group>"; };
		84007F2927C94B840024E38B /* CardView.swift */ = {isa = PBXFileReference; lastKnownFileType = sourcecode.swift; path = CardView.swift; sourceTree = "<group>"; };
		84007F2B27C94BF40024E38B /* DailyScrum.swift */ = {isa = PBXFileReference; lastKnownFileType = sourcecode.swift; path = DailyScrum.swift; sourceTree = "<group>"; };
		84007F2D27C95A010024E38B /* TrailingIconLabelStyle.swift */ = {isa = PBXFileReference; lastKnownFileType = sourcecode.swift; path = TrailingIconLabelStyle.swift; sourceTree = "<group>"; };
		84007F3027C97EB30024E38B /* ScrumsView.swift */ = {isa = PBXFileReference; lastKnownFileType = sourcecode.swift; path = ScrumsView.swift; sourceTree = "<group>"; };
		84AB55C427D7E7D300222013 /* MeetingHeaderView.swift */ = {isa = PBXFileReference; lastKnownFileType = sourcecode.swift; path = MeetingHeaderView.swift; sourceTree = "<group>"; };
		84AB55C627D7EF1500222013 /* ScrumProgressViewStyle.swift */ = {isa = PBXFileReference; lastKnownFileType = sourcecode.swift; path = ScrumProgressViewStyle.swift; sourceTree = "<group>"; };
		84AB55C827D7F51D00222013 /* ScrumTimer.swift */ = {isa = PBXFileReference; lastKnownFileType = sourcecode.swift; path = ScrumTimer.swift; sourceTree = "<group>"; };
		84AB55CA27D80A2000222013 /* MeetingFooterView.swift */ = {isa = PBXFileReference; lastKnownFileType = sourcecode.swift; path = MeetingFooterView.swift; sourceTree = "<group>"; };
		84AB55CF27D8194F00222013 /* AVPlayer+Ding.swift */ = {isa = PBXFileReference; lastKnownFileType = sourcecode.swift; path = "AVPlayer+Ding.swift"; sourceTree = "<group>"; };
		84AB55D227D81A5900222013 /* ding.wav */ = {isa = PBXFileReference; lastKnownFileType = audio.wav; path = ding.wav; sourceTree = "<group>"; };
		84B5A8AB27D3DE3A00F7A3CA /* DetailEditView.swift */ = {isa = PBXFileReference; lastKnownFileType = sourcecode.swift; path = DetailEditView.swift; sourceTree = "<group>"; };
		84B5A8AD27D525A900F7A3CA /* ThemeView.swift */ = {isa = PBXFileReference; lastKnownFileType = sourcecode.swift; path = ThemeView.swift; sourceTree = "<group>"; };
		84B5A8B527D5339B00F7A3CA /* ThemePicker.swift */ = {isa = PBXFileReference; lastKnownFileType = sourcecode.swift; path = ThemePicker.swift; sourceTree = "<group>"; };
		84BE14A227D893740069B67A /* History.swift */ = {isa = PBXFileReference; lastKnownFileType = sourcecode.swift; path = History.swift; sourceTree = "<group>"; };
		84BE14A427D8B2EF0069B67A /* ScrumStore.swift */ = {isa = PBXFileReference; lastKnownFileType = sourcecode.swift; path = ScrumStore.swift; sourceTree = "<group>"; };
		84BFDE6527BAC65C0079D788 /* Scrumdinger.app */ = {isa = PBXFileReference; explicitFileType = wrapper.application; includeInIndex = 0; path = Scrumdinger.app; sourceTree = BUILT_PRODUCTS_DIR; };
		84BFDE6827BAC65C0079D788 /* ScrumdingerApp.swift */ = {isa = PBXFileReference; lastKnownFileType = sourcecode.swift; path = ScrumdingerApp.swift; sourceTree = "<group>"; };
		84BFDE6A27BAC65C0079D788 /* MeetingView.swift */ = {isa = PBXFileReference; lastKnownFileType = sourcecode.swift; path = MeetingView.swift; sourceTree = "<group>"; };
		84BFDE6C27BAC65E0079D788 /* Assets.xcassets */ = {isa = PBXFileReference; lastKnownFileType = folder.assetcatalog; path = Assets.xcassets; sourceTree = "<group>"; };
		84BFDE6F27BAC65E0079D788 /* Preview Assets.xcassets */ = {isa = PBXFileReference; lastKnownFileType = folder.assetcatalog; path = "Preview Assets.xcassets"; sourceTree = "<group>"; };
		84FB15B727CCA50200F9385A /* DetailView.swift */ = {isa = PBXFileReference; lastKnownFileType = sourcecode.swift; path = DetailView.swift; sourceTree = "<group>"; };
/* End PBXFileReference section */

/* Begin PBXFrameworksBuildPhase section */
		84BFDE6227BAC65C0079D788 /* Frameworks */ = {
			isa = PBXFrameworksBuildPhase;
			buildActionMask = 2147483647;
			files = (
			);
			runOnlyForDeploymentPostprocessing = 0;
		};
/* End PBXFrameworksBuildPhase section */

/* Begin PBXGroup section */
		84007F2F27C95FA20024E38B /* Model */ = {
			isa = PBXGroup;
			children = (
				84007F2727C947FA0024E38B /* Theme.swift */,
				84007F2B27C94BF40024E38B /* DailyScrum.swift */,
				84BE14A427D8B2EF0069B67A /* ScrumStore.swift */,
				84AB55C827D7F51D00222013 /* ScrumTimer.swift */,
				84AB55CF27D8194F00222013 /* AVPlayer+Ding.swift */,
				84BE14A227D893740069B67A /* History.swift */,
			);
			path = Model;
			sourceTree = "<group>";
		};
		84AB55CC27D8137100222013 /* MeetingView */ = {
			isa = PBXGroup;
			children = (
				84AB55C427D7E7D300222013 /* MeetingHeaderView.swift */,
				84AB55CA27D80A2000222013 /* MeetingFooterView.swift */,
				84BFDE6A27BAC65C0079D788 /* MeetingView.swift */,
			);
			path = MeetingView;
			sourceTree = "<group>";
		};
		84AB55CD27D813A200222013 /* Theme */ = {
			isa = PBXGroup;
			children = (
				84B5A8AD27D525A900F7A3CA /* ThemeView.swift */,
				84B5A8B527D5339B00F7A3CA /* ThemePicker.swift */,
			);
			path = Theme;
			sourceTree = "<group>";
		};
		84AB55CE27D813B500222013 /* Detail */ = {
			isa = PBXGroup;
			children = (
				84B5A8AB27D3DE3A00F7A3CA /* DetailEditView.swift */,
				84FB15B727CCA50200F9385A /* DetailView.swift */,
			);
			path = Detail;
			sourceTree = "<group>";
		};
		84AB55D127D81A5900222013 /* Resources */ = {
			isa = PBXGroup;
			children = (
				84AB55D227D81A5900222013 /* ding.wav */,
			);
			path = Resources;
			sourceTree = "<group>";
		};
		84BFDE5C27BAC65C0079D788 = {
			isa = PBXGroup;
			children = (
				84BFDE6727BAC65C0079D788 /* Scrumdinger */,
				84BFDE6627BAC65C0079D788 /* Products */,
			);
			sourceTree = "<group>";
		};
		84BFDE6627BAC65C0079D788 /* Products */ = {
			isa = PBXGroup;
			children = (
				84BFDE6527BAC65C0079D788 /* Scrumdinger.app */,
			);
			name = Products;
			sourceTree = "<group>";
		};
		84BFDE6727BAC65C0079D788 /* Scrumdinger */ = {
			isa = PBXGroup;
			children = (
				84BFDE6827BAC65C0079D788 /* ScrumdingerApp.swift */,
				84007F3027C97EB30024E38B /* ScrumsView.swift */,
				84007F2927C94B840024E38B /* CardView.swift */,
				84AB55C627D7EF1500222013 /* ScrumProgressViewStyle.swift */,
				84AB55CC27D8137100222013 /* MeetingView */,
				84AB55CD27D813A200222013 /* Theme */,
				84AB55CE27D813B500222013 /* Detail */,
				84007F2D27C95A010024E38B /* TrailingIconLabelStyle.swift */,
				84007F2F27C95FA20024E38B /* Model */,
				84AB55D127D81A5900222013 /* Resources */,
				84BFDE6C27BAC65E0079D788 /* Assets.xcassets */,
				84BFDE6E27BAC65E0079D788 /* Preview Content */,
			);
			path = Scrumdinger;
			sourceTree = "<group>";
		};
		84BFDE6E27BAC65E0079D788 /* Preview Content */ = {
			isa = PBXGroup;
			children = (
				84BFDE6F27BAC65E0079D788 /* Preview Assets.xcassets */,
			);
			path = "Preview Content";
			sourceTree = "<group>";
		};
/* End PBXGroup section */

/* Begin PBXNativeTarget section */
		84BFDE6427BAC65C0079D788 /* Scrumdinger */ = {
			isa = PBXNativeTarget;
			buildConfigurationList = 84BFDE7327BAC65E0079D788 /* Build configuration list for PBXNativeTarget "Scrumdinger" */;
			buildPhases = (
				84BFDE6127BAC65C0079D788 /* Sources */,
				84BFDE6227BAC65C0079D788 /* Frameworks */,
				84BFDE6327BAC65C0079D788 /* Resources */,
			);
			buildRules = (
			);
			dependencies = (
			);
			name = Scrumdinger;
			productName = Scrumdinger;
			productReference = 84BFDE6527BAC65C0079D788 /* Scrumdinger.app */;
			productType = "com.apple.product-type.application";
		};
/* End PBXNativeTarget section */

/* Begin PBXProject section */
		84BFDE5D27BAC65C0079D788 /* Project object */ = {
			isa = PBXProject;
			attributes = {
				BuildIndependentTargetsInParallel = 1;
				LastSwiftUpdateCheck = 1320;
				LastUpgradeCheck = 1320;
				TargetAttributes = {
					84BFDE6427BAC65C0079D788 = {
						CreatedOnToolsVersion = 13.2.1;
					};
				};
			};
			buildConfigurationList = 84BFDE6027BAC65C0079D788 /* Build configuration list for PBXProject "Scrumdinger" */;
			compatibilityVersion = "Xcode 13.0";
			developmentRegion = en;
			hasScannedForEncodings = 0;
			knownRegions = (
				en,
				Base,
			);
			mainGroup = 84BFDE5C27BAC65C0079D788;
			productRefGroup = 84BFDE6627BAC65C0079D788 /* Products */;
			projectDirPath = "";
			projectRoot = "";
			targets = (
				84BFDE6427BAC65C0079D788 /* Scrumdinger */,
			);
		};
/* End PBXProject section */

/* Begin PBXResourcesBuildPhase section */
		84BFDE6327BAC65C0079D788 /* Resources */ = {
			isa = PBXResourcesBuildPhase;
			buildActionMask = 2147483647;
			files = (
				84AB55D327D81A5900222013 /* ding.wav in Resources */,
				84BFDE7027BAC65E0079D788 /* Preview Assets.xcassets in Resources */,
				84BFDE6D27BAC65E0079D788 /* Assets.xcassets in Resources */,
			);
			runOnlyForDeploymentPostprocessing = 0;
		};
/* End PBXResourcesBuildPhase section */

/* Begin PBXSourcesBuildPhase section */
		84BFDE6127BAC65C0079D788 /* Sources */ = {
			isa = PBXSourcesBuildPhase;
			buildActionMask = 2147483647;
			files = (
				84BE14A327D893740069B67A /* History.swift in Sources */,
				84B5A8B627D5339B00F7A3CA /* ThemePicker.swift in Sources */,
				84AB55C727D7EF1500222013 /* ScrumProgressViewStyle.swift in Sources */,
				84AB55CB27D80A2100222013 /* MeetingFooterView.swift in Sources */,
				84BE14A527D8B2EF0069B67A /* ScrumStore.swift in Sources */,
				84AB55C927D7F51D00222013 /* ScrumTimer.swift in Sources */,
				84007F2C27C94BF40024E38B /* DailyScrum.swift in Sources */,
				84007F2E27C95A010024E38B /* TrailingIconLabelStyle.swift in Sources */,
				84AB55C527D7E7D300222013 /* MeetingHeaderView.swift in Sources */,
				84B5A8AC27D3DE3A00F7A3CA /* DetailEditView.swift in Sources */,
				84007F2827C947FA0024E38B /* Theme.swift in Sources */,
				84007F3127C97EB30024E38B /* ScrumsView.swift in Sources */,
				84BFDE6B27BAC65C0079D788 /* MeetingView.swift in Sources */,
				84FB15B827CCA50200F9385A /* DetailView.swift in Sources */,
				84007F2A27C94B840024E38B /* CardView.swift in Sources */,
				84B5A8AE27D525A900F7A3CA /* ThemeView.swift in Sources */,
				84BFDE6927BAC65C0079D788 /* ScrumdingerApp.swift in Sources */,
				84AB55D027D8194F00222013 /* AVPlayer+Ding.swift in Sources */,
			);
			runOnlyForDeploymentPostprocessing = 0;
		};
/* End PBXSourcesBuildPhase section */

/* Begin XCBuildConfiguration section */
		84BFDE7127BAC65E0079D788 /* Debug */ = {
			isa = XCBuildConfiguration;
			buildSettings = {
				ALWAYS_SEARCH_USER_PATHS = NO;
				CLANG_ANALYZER_NONNULL = YES;
				CLANG_ANALYZER_NUMBER_OBJECT_CONVERSION = YES_AGGRESSIVE;
				CLANG_CXX_LANGUAGE_STANDARD = "gnu++17";
				CLANG_CXX_LIBRARY = "libc++";
				CLANG_ENABLE_MODULES = YES;
				CLANG_ENABLE_OBJC_ARC = YES;
				CLANG_ENABLE_OBJC_WEAK = YES;
				CLANG_WARN_BLOCK_CAPTURE_AUTORELEASING = YES;
				CLANG_WARN_BOOL_CONVERSION = YES;
				CLANG_WARN_COMMA = YES;
				CLANG_WARN_CONSTANT_CONVERSION = YES;
				CLANG_WARN_DEPRECATED_OBJC_IMPLEMENTATIONS = YES;
				CLANG_WARN_DIRECT_OBJC_ISA_USAGE = YES_ERROR;
				CLANG_WARN_DOCUMENTATION_COMMENTS = YES;
				CLANG_WARN_EMPTY_BODY = YES;
				CLANG_WARN_ENUM_CONVERSION = YES;
				CLANG_WARN_INFINITE_RECURSION = YES;
				CLANG_WARN_INT_CONVERSION = YES;
				CLANG_WARN_NON_LITERAL_NULL_CONVERSION = YES;
				CLANG_WARN_OBJC_IMPLICIT_RETAIN_SELF = YES;
				CLANG_WARN_OBJC_LITERAL_CONVERSION = YES;
				CLANG_WARN_OBJC_ROOT_CLASS = YES_ERROR;
				CLANG_WARN_QUOTED_INCLUDE_IN_FRAMEWORK_HEADER = YES;
				CLANG_WARN_RANGE_LOOP_ANALYSIS = YES;
				CLANG_WARN_STRICT_PROTOTYPES = YES;
				CLANG_WARN_SUSPICIOUS_MOVE = YES;
				CLANG_WARN_UNGUARDED_AVAILABILITY = YES_AGGRESSIVE;
				CLANG_WARN_UNREACHABLE_CODE = YES;
				CLANG_WARN__DUPLICATE_METHOD_MATCH = YES;
				COPY_PHASE_STRIP = NO;
				DEBUG_INFORMATION_FORMAT = dwarf;
				ENABLE_STRICT_OBJC_MSGSEND = YES;
				ENABLE_TESTABILITY = YES;
				GCC_C_LANGUAGE_STANDARD = gnu11;
				GCC_DYNAMIC_NO_PIC = NO;
				GCC_NO_COMMON_BLOCKS = YES;
				GCC_OPTIMIZATION_LEVEL = 0;
				GCC_PREPROCESSOR_DEFINITIONS = (
					"DEBUG=1",
					"$(inherited)",
				);
				GCC_WARN_64_TO_32_BIT_CONVERSION = YES;
				GCC_WARN_ABOUT_RETURN_TYPE = YES_ERROR;
				GCC_WARN_UNDECLARED_SELECTOR = YES;
				GCC_WARN_UNINITIALIZED_AUTOS = YES_AGGRESSIVE;
				GCC_WARN_UNUSED_FUNCTION = YES;
				GCC_WARN_UNUSED_VARIABLE = YES;
				IPHONEOS_DEPLOYMENT_TARGET = 15.2;
				MTL_ENABLE_DEBUG_INFO = INCLUDE_SOURCE;
				MTL_FAST_MATH = YES;
				ONLY_ACTIVE_ARCH = YES;
				SDKROOT = iphoneos;
				SWIFT_ACTIVE_COMPILATION_CONDITIONS = DEBUG;
				SWIFT_OPTIMIZATION_LEVEL = "-Onone";
			};
			name = Debug;
		};
		84BFDE7227BAC65E0079D788 /* Release */ = {
			isa = XCBuildConfiguration;
			buildSettings = {
				ALWAYS_SEARCH_USER_PATHS = NO;
				CLANG_ANALYZER_NONNULL = YES;
				CLANG_ANALYZER_NUMBER_OBJECT_CONVERSION = YES_AGGRESSIVE;
				CLANG_CXX_LANGUAGE_STANDARD = "gnu++17";
				CLANG_CXX_LIBRARY = "libc++";
				CLANG_ENABLE_MODULES = YES;
				CLANG_ENABLE_OBJC_ARC = YES;
				CLANG_ENABLE_OBJC_WEAK = YES;
				CLANG_WARN_BLOCK_CAPTURE_AUTORELEASING = YES;
				CLANG_WARN_BOOL_CONVERSION = YES;
				CLANG_WARN_COMMA = YES;
				CLANG_WARN_CONSTANT_CONVERSION = YES;
				CLANG_WARN_DEPRECATED_OBJC_IMPLEMENTATIONS = YES;
				CLANG_WARN_DIRECT_OBJC_ISA_USAGE = YES_ERROR;
				CLANG_WARN_DOCUMENTATION_COMMENTS = YES;
				CLANG_WARN_EMPTY_BODY = YES;
				CLANG_WARN_ENUM_CONVERSION = YES;
				CLANG_WARN_INFINITE_RECURSION = YES;
				CLANG_WARN_INT_CONVERSION = YES;
				CLANG_WARN_NON_LITERAL_NULL_CONVERSION = YES;
				CLANG_WARN_OBJC_IMPLICIT_RETAIN_SELF = YES;
				CLANG_WARN_OBJC_LITERAL_CONVERSION = YES;
				CLANG_WARN_OBJC_ROOT_CLASS = YES_ERROR;
				CLANG_WARN_QUOTED_INCLUDE_IN_FRAMEWORK_HEADER = YES;
				CLANG_WARN_RANGE_LOOP_ANALYSIS = YES;
				CLANG_WARN_STRICT_PROTOTYPES = YES;
				CLANG_WARN_SUSPICIOUS_MOVE = YES;
				CLANG_WARN_UNGUARDED_AVAILABILITY = YES_AGGRESSIVE;
				CLANG_WARN_UNREACHABLE_CODE = YES;
				CLANG_WARN__DUPLICATE_METHOD_MATCH = YES;
				COPY_PHASE_STRIP = NO;
				DEBUG_INFORMATION_FORMAT = "dwarf-with-dsym";
				ENABLE_NS_ASSERTIONS = NO;
				ENABLE_STRICT_OBJC_MSGSEND = YES;
				GCC_C_LANGUAGE_STANDARD = gnu11;
				GCC_NO_COMMON_BLOCKS = YES;
				GCC_WARN_64_TO_32_BIT_CONVERSION = YES;
				GCC_WARN_ABOUT_RETURN_TYPE = YES_ERROR;
				GCC_WARN_UNDECLARED_SELECTOR = YES;
				GCC_WARN_UNINITIALIZED_AUTOS = YES_AGGRESSIVE;
				GCC_WARN_UNUSED_FUNCTION = YES;
				GCC_WARN_UNUSED_VARIABLE = YES;
				IPHONEOS_DEPLOYMENT_TARGET = 15.2;
				MTL_ENABLE_DEBUG_INFO = NO;
				MTL_FAST_MATH = YES;
				SDKROOT = iphoneos;
				SWIFT_COMPILATION_MODE = wholemodule;
				SWIFT_OPTIMIZATION_LEVEL = "-O";
				VALIDATE_PRODUCT = YES;
			};
			name = Release;
		};
		84BFDE7427BAC65E0079D788 /* Debug */ = {
			isa = XCBuildConfiguration;
			buildSettings = {
				ASSETCATALOG_COMPILER_APPICON_NAME = AppIcon;
				ASSETCATALOG_COMPILER_GLOBAL_ACCENT_COLOR_NAME = AccentColor;
				CODE_SIGN_STYLE = Automatic;
				CURRENT_PROJECT_VERSION = 1;
				DEVELOPMENT_ASSET_PATHS = "\"Scrumdinger/Preview Content\"";
				DEVELOPMENT_TEAM = 8FMRQN65DA;
				ENABLE_PREVIEWS = YES;
				GENERATE_INFOPLIST_FILE = YES;
				INFOPLIST_KEY_UIApplicationSceneManifest_Generation = YES;
				INFOPLIST_KEY_UIApplicationSupportsIndirectInputEvents = YES;
				INFOPLIST_KEY_UILaunchScreen_Generation = YES;
				INFOPLIST_KEY_UISupportedInterfaceOrientations_iPad = "UIInterfaceOrientationPortrait UIInterfaceOrientationPortraitUpsideDown UIInterfaceOrientationLandscapeLeft UIInterfaceOrientationLandscapeRight";
				INFOPLIST_KEY_UISupportedInterfaceOrientations_iPhone = "UIInterfaceOrientationPortrait UIInterfaceOrientationLandscapeLeft UIInterfaceOrientationLandscapeRight";
				IPHONEOS_DEPLOYMENT_TARGET = 15.2;
				LD_RUNPATH_SEARCH_PATHS = (
					"$(inherited)",
					"@executable_path/Frameworks",
				);
				MARKETING_VERSION = 1.0;
				PRODUCT_BUNDLE_IDENTIFIER = com.HumbledProject.Scrumdinger;
				PRODUCT_NAME = "$(TARGET_NAME)";
				SWIFT_EMIT_LOC_STRINGS = YES;
				SWIFT_VERSION = 5.0;
				TARGETED_DEVICE_FAMILY = "1,2";
			};
			name = Debug;
		};
		84BFDE7527BAC65E0079D788 /* Release */ = {
			isa = XCBuildConfiguration;
			buildSettings = {
				ASSETCATALOG_COMPILER_APPICON_NAME = AppIcon;
				ASSETCATALOG_COMPILER_GLOBAL_ACCENT_COLOR_NAME = AccentColor;
				CODE_SIGN_STYLE = Automatic;
				CURRENT_PROJECT_VERSION = 1;
				DEVELOPMENT_ASSET_PATHS = "\"Scrumdinger/Preview Content\"";
				DEVELOPMENT_TEAM = 8FMRQN65DA;
				ENABLE_PREVIEWS = YES;
				GENERATE_INFOPLIST_FILE = YES;
				INFOPLIST_KEY_UIApplicationSceneManifest_Generation = YES;
				INFOPLIST_KEY_UIApplicationSupportsIndirectInputEvents = YES;
				INFOPLIST_KEY_UILaunchScreen_Generation = YES;
				INFOPLIST_KEY_UISupportedInterfaceOrientations_iPad = "UIInterfaceOrientationPortrait UIInterfaceOrientationPortraitUpsideDown UIInterfaceOrientationLandscapeLeft UIInterfaceOrientationLandscapeRight";
				INFOPLIST_KEY_UISupportedInterfaceOrientations_iPhone = "UIInterfaceOrientationPortrait UIInterfaceOrientationLandscapeLeft UIInterfaceOrientationLandscapeRight";
				IPHONEOS_DEPLOYMENT_TARGET = 15.2;
				LD_RUNPATH_SEARCH_PATHS = (
					"$(inherited)",
					"@executable_path/Frameworks",
				);
				MARKETING_VERSION = 1.0;
				PRODUCT_BUNDLE_IDENTIFIER = com.HumbledProject.Scrumdinger;
				PRODUCT_NAME = "$(TARGET_NAME)";
				SWIFT_EMIT_LOC_STRINGS = YES;
				SWIFT_VERSION = 5.0;
				TARGETED_DEVICE_FAMILY = "1,2";
			};
			name = Release;
		};
/* End XCBuildConfiguration section */

/* Begin XCConfigurationList section */
		84BFDE6027BAC65C0079D788 /* Build configuration list for PBXProject "Scrumdinger" */ = {
			isa = XCConfigurationList;
			buildConfigurations = (
				84BFDE7127BAC65E0079D788 /* Debug */,
				84BFDE7227BAC65E0079D788 /* Release */,
			);
			defaultConfigurationIsVisible = 0;
			defaultConfigurationName = Release;
		};
		84BFDE7327BAC65E0079D788 /* Build configuration list for PBXNativeTarget "Scrumdinger" */ = {
			isa = XCConfigurationList;
			buildConfigurations = (
				84BFDE7427BAC65E0079D788 /* Debug */,
				84BFDE7527BAC65E0079D788 /* Release */,
			);
			defaultConfigurationIsVisible = 0;
			defaultConfigurationName = Release;
		};
/* End XCConfigurationList section */
	};
	rootObject = 84BFDE5D27BAC65C0079D788 /* Project object */;
}
